
Microsoft Visual Studio Solution File, Format Version 10.00
# Visual Studio 2008
Project("{FAE04EC0-301F-11D3-BF4B-00C04F79EFBC}") = "EvalServiceLibrary", "EvalServiceLibrary\EvalServiceLibrary.csproj", "{011E8D9D-2F1C-4BD0-BF4C-CE2AB890E47D}"
EndProject
Project("{FAE04EC0-301F-11D3-BF4B-00C04F79EFBC}") = "ConsoleHost", "ConsoleHost\ConsoleHost.csproj", "{1C1078DD-5391-41EF-B16F-617D13C0FE43}"
EndProject
Project("{FAE04EC0-301F-11D3-BF4B-00C04F79EFBC}") = "Client", "Client\Client.csproj", "{7B502A3E-0B19-4789-9894-66BB66A0D6B4}"
	ProjectSection(ProjectDependencies) = postProject
		{09D22B15-A35B-4C00-90AF-DB2F0139D858} = {09D22B15-A35B-4C00-90AF-DB2F0139D858}
	EndProjectSection
EndProject
Project("{FAE04EC0-301F-11D3-BF4B-00C04F79EFBC}") = "WindowsServiceHost", "WindowsServiceHost\WindowsServiceHost.csproj", "{5CF3D2A3-2161-4329-803D-3671EA61069D}"
EndProject
Project("{E24C65DC-7377-472B-9ABA-BC803B73C61A}") = "WebSiteHost", "WebSiteHost\", "{09D22B15-A35B-4C00-90AF-DB2F0139D858}"
	ProjectSection(WebsiteProperties) = preProject
		TargetFramework = "3.5"
		ProjectReferences = "{011E8D9D-2F1C-4BD0-BF4C-CE2AB890E47D}|EvalServiceLibrary.dll;"
		Debug.AspNetCompiler.VirtualPath = "/WebSiteHost"
		Debug.AspNetCompiler.PhysicalPath = "WebSiteHost\"
		Debug.AspNetCompiler.TargetPath = "PrecompiledWeb\WebSiteHost\"
		Debug.AspNetCompiler.Updateable = "true"
		Debug.AspNetCompiler.ForceOverwrite = "true"
		Debug.AspNetCompiler.FixedNames = "false"
		Debug.AspNetCompiler.Debug = "True"
		Release.AspNetCompiler.VirtualPath = "/WebSiteHost"
		Release.AspNetCompiler.PhysicalPath = "WebSiteHost\"
		Release.AspNetCompiler.TargetPath = "PrecompiledWeb\WebSiteHost\"
		Release.AspNetCompiler.Updateable = "true"
		Release.AspNetCompiler.ForceOverwrite = "true"
		Release.AspNetCompiler.FixedNames = "false"
		Release.AspNetCompiler.Debug = "False"
		VWDPort = "60188"
		DefaultWebSiteLanguage = "Visual C#"
	EndProjectSection
EndProject
Global
	GlobalSection(SolutionConfigurationPlatforms) = preSolution
		Debug|.NET = Debug|.NET
		Debug|Any CPU = Debug|Any CPU
		Debug|Mixed Platforms = Debug|Mixed Platforms
		Release|.NET = Release|.NET
		Release|Any CPU = Release|Any CPU
		Release|Mixed Platforms = Release|Mixed Platforms
	EndGlobalSection
	GlobalSection(ProjectConfigurationPlatforms) = postSolution
		{011E8D9D-2F1C-4BD0-BF4C-CE2AB890E47D}.Debug|.NET.ActiveCfg = Debug|Any CPU
		{011E8D9D-2F1C-4BD0-BF4C-CE2AB890E47D}.Debug|Any CPU.ActiveCfg = Debug|Any CPU
		{011E8D9D-2F1C-4BD0-BF4C-CE2AB890E47D}.Debug|Any CPU.Build.0 = Debug|Any CPU
		{011E8D9D-2F1C-4BD0-BF4C-CE2AB890E47D}.Debug|Mixed Platforms.ActiveCfg = Debug|Any CPU
		{011E8D9D-2F1C-4BD0-BF4C-CE2AB890E47D}.Debug|Mixed Platforms.Build.0 = Debug|Any CPU
		{011E8D9D-2F1C-4BD0-BF4C-CE2AB890E47D}.Release|.NET.ActiveCfg = Release|Any CPU
		{011E8D9D-2F1C-4BD0-BF4C-CE2AB890E47D}.Release|Any CPU.ActiveCfg = Release|Any CPU
		{011E8D9D-2F1C-4BD0-BF4C-CE2AB890E47D}.Release|Any CPU.Build.0 = Release|Any CPU
		{011E8D9D-2F1C-4BD0-BF4C-CE2AB890E47D}.Release|Mixed Platforms.ActiveCfg = Release|Any CPU
		{011E8D9D-2F1C-4BD0-BF4C-CE2AB890E47D}.Release|Mixed Platforms.Build.0 = Release|Any CPU
		{1C1078DD-5391-41EF-B16F-617D13C0FE43}.Debug|.NET.ActiveCfg = Debug|Any CPU
		{1C1078DD-5391-41EF-B16F-617D13C0FE43}.Debug|Any CPU.ActiveCfg = Debug|Any CPU
		{1C1078DD-5391-41EF-B16F-617D13C0FE43}.Debug|Any CPU.Build.0 = Debug|Any CPU
		{1C1078DD-5391-41EF-B16F-617D13C0FE43}.Debug|Mixed Platforms.ActiveCfg = Debug|Any CPU
		{1C1078DD-5391-41EF-B16F-617D13C0FE43}.Debug|Mixed Platforms.Build.0 = Debug|Any CPU
		{1C1078DD-5391-41EF-B16F-617D13C0FE43}.Release|.NET.ActiveCfg = Release|Any CPU
		{1C1078DD-5391-41EF-B16F-617D13C0FE43}.Release|Any CPU.ActiveCfg = Release|Any CPU
		{1C1078DD-5391-41EF-B16F-617D13C0FE43}.Release|Any CPU.Build.0 = Release|Any CPU
		{1C1078DD-5391-41EF-B16F-617D13C0FE43}.Release|Mixed Platforms.ActiveCfg = Release|Any CPU
		{1C1078DD-5391-41EF-B16F-617D13C0FE43}.Release|Mixed Platforms.Build.0 = Release|Any CPU
		{7B502A3E-0B19-4789-9894-66BB66A0D6B4}.Debug|.NET.ActiveCfg = Debug|Any CPU
		{7B502A3E-0B19-4789-9894-66BB66A0D6B4}.Debug|Any CPU.ActiveCfg = Debug|Any CPU
		{7B502A3E-0B19-4789-9894-66BB66A0D6B4}.Debug|Any CPU.Build.0 = Debug|Any CPU
		{7B502A3E-0B19-4789-9894-66BB66A0D6B4}.Debug|Mixed Platforms.ActiveCfg = Debug|Any CPU
		{7B502A3E-0B19-4789-9894-66BB66A0D6B4}.Debug|Mixed Platforms.Build.0 = Debug|Any CPU
		{7B502A3E-0B19-4789-9894-66BB66A0D6B4}.Release|.NET.ActiveCfg = Release|Any CPU
		{7B502A3E-0B19-4789-9894-66BB66A0D6B4}.Release|Any CPU.ActiveCfg = Release|Any CPU
		{7B502A3E-0B19-4789-9894-66BB66A0D6B4}.Release|Any CPU.Build.0 = Release|Any CPU
		{7B502A3E-0B19-4789-9894-66BB66A0D6B4}.Release|Mixed Platforms.ActiveCfg = Release|Any CPU
		{7B502A3E-0B19-4789-9894-66BB66A0D6B4}.Release|Mixed Platforms.Build.0 = Release|Any CPU
		{5CF3D2A3-2161-4329-803D-3671EA61069D}.Debug|.NET.ActiveCfg = Debug|Any CPU
		{5CF3D2A3-2161-4329-803D-3671EA61069D}.Debug|Any CPU.ActiveCfg = Debug|Any CPU
		{5CF3D2A3-2161-4329-803D-3671EA61069D}.Debug|Any CPU.Build.0 = Debug|Any CPU
		{5CF3D2A3-2161-4329-803D-3671EA61069D}.Debug|Mixed Platforms.ActiveCfg = Debug|Any CPU
		{5CF3D2A3-2161-4329-803D-3671EA61069D}.Debug|Mixed Platforms.Build.0 = Debug|Any CPU
		{5CF3D2A3-2161-4329-803D-3671EA61069D}.Release|.NET.ActiveCfg = Release|Any CPU
		{5CF3D2A3-2161-4329-803D-3671EA61069D}.Release|Any CPU.ActiveCfg = Release|Any CPU
		{5CF3D2A3-2161-4329-803D-3671EA61069D}.Release|Any CPU.Build.0 = Release|Any CPU
		{5CF3D2A3-2161-4329-803D-3671EA61069D}.Release|Mixed Platforms.ActiveCfg = Release|Any CPU
		{5CF3D2A3-2161-4329-803D-3671EA61069D}.Release|Mixed Platforms.Build.0 = Release|Any CPU
		{09D22B15-A35B-4C00-90AF-DB2F0139D858}.Debug|.NET.ActiveCfg = Debug|.NET
		{09D22B15-A35B-4C00-90AF-DB2F0139D858}.Debug|.NET.Build.0 = Debug|.NET
		{09D22B15-A35B-4C00-90AF-DB2F0139D858}.Debug|Any CPU.ActiveCfg = Debug|.NET
		{09D22B15-A35B-4C00-90AF-DB2F0139D858}.Debug|Mixed Platforms.ActiveCfg = Debug|.NET
		{09D22B15-A35B-4C00-90AF-DB2F0139D858}.Debug|Mixed Platforms.Build.0 = Debug|.NET
		{09D22B15-A35B-4C00-90AF-DB2F0139D858}.Release|.NET.ActiveCfg = Debug|.NET
		{09D22B15-A35B-4C00-90AF-DB2F0139D858}.Release|.NET.Build.0 = Debug|.NET
		{09D22B15-A35B-4C00-90AF-DB2F0139D858}.Release|Any CPU.ActiveCfg = Debug|.NET
		{09D22B15-A35B-4C00-90AF-DB2F0139D858}.Release|Mixed Platforms.ActiveCfg = Debug|.NET
		{09D22B15-A35B-4C00-90AF-DB2F0139D858}.Release|Mixed Platforms.Build.0 = Debug|.NET
	EndGlobalSection
	GlobalSection(SolutionProperties) = preSolution
		HideSolutionNode = FALSE
	EndGlobalSection
EndGlobal
